
Microsoft Visual Studio Solution File, Format Version 12.00
# Visual Studio Version 17
VisualStudioVersion = 17.2.32526.322
MinimumVisualStudioVersion = 10.0.40219.1
Project("{FAE04EC0-301F-11D3-BF4B-00C04F79EFBC}") = "GL", "GL\GL.csproj", "{39B560AF-FE68-42B9-9530-6871C61C0808}"
EndProject
Project("{FAE04EC0-301F-11D3-BF4B-00C04F79EFBC}") = "TestProject", "TestProject\TestProject.csproj", "{BD308451-5243-4B9D-B823-CE1C7FFA8E38}"
EndProject
Project("{FAE04EC0-301F-11D3-BF4B-00C04F79EFBC}") = "Gla", "Gla\Gla.csproj", "{9082A2EB-D48D-41DA-9E9C-2300B75E7C70}"
EndProject
Global
	GlobalSection(SolutionConfigurationPlatforms) = preSolution
		Debug|Any CPU = Debug|Any CPU
		Release|Any CPU = Release|Any CPU
	EndGlobalSection
	GlobalSection(ProjectConfigurationPlatforms) = postSolution
		{39B560AF-FE68-42B9-9530-6871C61C0808}.Debug|Any CPU.ActiveCfg = Debug|Any CPU
		{39B560AF-FE68-42B9-9530-6871C61C0808}.Debug|Any CPU.Build.0 = Debug|Any CPU
		{39B560AF-FE68-42B9-9530-6871C61C0808}.Release|Any CPU.ActiveCfg = Release|Any CPU
		{39B560AF-FE68-42B9-9530-6871C61C0808}.Release|Any CPU.Build.0 = Release|Any CPU
		{BD308451-5243-4B9D-B823-CE1C7FFA8E38}.Debug|Any CPU.ActiveCfg = Debug|Any CPU
		{BD308451-5243-4B9D-B823-CE1C7FFA8E38}.Debug|Any CPU.Build.0 = Debug|Any CPU
		{BD308451-5243-4B9D-B823-CE1C7FFA8E38}.Release|Any CPU.ActiveCfg = Release|Any CPU
		{BD308451-5243-4B9D-B823-CE1C7FFA8E38}.Release|Any CPU.Build.0 = Release|Any CPU
		{9082A2EB-D48D-41DA-9E9C-2300B75E7C70}.Debug|Any CPU.ActiveCfg = Debug|Any CPU
		{9082A2EB-D48D-41DA-9E9C-2300B75E7C70}.Debug|Any CPU.Build.0 = Debug|Any CPU
		{9082A2EB-D48D-41DA-9E9C-2300B75E7C70}.Release|Any CPU.ActiveCfg = Release|Any CPU
		{9082A2EB-D48D-41DA-9E9C-2300B75E7C70}.Release|Any CPU.Build.0 = Release|Any CPU
	EndGlobalSection
	GlobalSection(SolutionProperties) = preSolution
		HideSolutionNode = FALSE
	EndGlobalSection
	GlobalSection(ExtensibilityGlobals) = postSolution
		SolutionGuid = {6934E30E-7124-4014-87F8-07FF8397FDD3}
	EndGlobalSection
EndGlobal
